
Microsoft Visual Studio Solution File, Format Version 12.00
# Visual Studio Version 17
VisualStudioVersion = 17.6.33723.286
MinimumVisualStudioVersion = 10.0.40219.1
Project("{FAE04EC0-301F-11D3-BF4B-00C04F79EFBC}") = "Failure Logging System", "Failure Logging System\Failure Logging System.csproj", "{244784FF-1E6C-43D2-87DB-C65B2E2F53CD}"
EndProject
Global
	GlobalSection(SolutionConfigurationPlatforms) = preSolution
		Debug|Any CPU = Debug|Any CPU
		Release|Any CPU = Release|Any CPU
	EndGlobalSection
	GlobalSection(ProjectConfigurationPlatforms) = postSolution
		{244784FF-1E6C-43D2-87DB-C65B2E2F53CD}.Debug|Any CPU.ActiveCfg = Debug|Any CPU
		{244784FF-1E6C-43D2-87DB-C65B2E2F53CD}.Debug|Any CPU.Build.0 = Debug|Any CPU
		{244784FF-1E6C-43D2-87DB-C65B2E2F53CD}.Release|Any CPU.ActiveCfg = Release|Any CPU
		{244784FF-1E6C-43D2-87DB-C65B2E2F53CD}.Release|Any CPU.Build.0 = Release|Any CPU
	EndGlobalSection
	GlobalSection(SolutionProperties) = preSolution
		HideSolutionNode = FALSE
	EndGlobalSection
	GlobalSection(ExtensibilityGlobals) = postSolution
		SolutionGuid = {09D429A4-CED8-4ABB-870A-F008C38462C7}
	EndGlobalSection
EndGlobal
